# THIS IS AN AUTOGENERATED FILE. DO NOT EDIT THIS FILE DIRECTLY.
# yarn lockfile v1


duplexer@~0.1.1:
  version "0.1.2"
  resolved "https://registry.yarnpkg.com/duplexer/-/duplexer-0.1.2.tgz#3abe43aef3835f8ae077d136ddce0f276b0400e6"
  integrity sha512-jtD6YG370ZCIi/9GTaJKQxWTZD045+4R4hTk/x1UyoqadyJ9x9CgSi1RlVDQF8U2sxLLSnFkCaMihqljHIWgMg==

event-stream@=3.3.4:
  version "3.3.4"
  resolved "https://registry.yarnpkg.com/event-stream/-/event-stream-3.3.4.tgz#4ab4c9a0f5a54db9338b4c34d86bfce8f4b35571"
  integrity sha1-SrTJoPWlTbkzi0w02Gv86PSzVXE=
  dependencies:
    duplexer "~0.1.1"
    from "~0"
    map-stream "~0.1.0"
    pause-stream "0.0.11"
    split "0.3"
    stream-combiner "~0.0.4"
    through "~2.3.1"

from@~0:
  version "0.1.7"
  resolved "https://registry.yarnpkg.com/from/-/from-0.1.7.tgz#83c60afc58b9c56997007ed1a768b3ab303a44fe"
  integrity sha1-g8YK/Fi5xWmXAH7Rp2izqzA6RP4=

map-stream@~0.1.0:
  version "0.1.0"
  resolved "https://registry.yarnpkg.com/map-stream/-/map-stream-0.1.0.tgz#e56aa94c4c8055a16404a0674b78f215f7c8e194"
  integrity sha1-5WqpTEyAVaFkBKBnS3jyFffI4ZQ=

netstats@0.0.6:
  version "0.0.6"
  resolved "https://registry.yarnpkg.com/netstats/-/netstats-0.0.6.tgz#57072d42a6c420a931d1db9c4ca3379717305069"
  integrity sha512-j5sdwaoLX/0x74+8bFdnoVEo3RUQexm5Lw615MVrgx7/FSQx88dZj+t5whwrDSrlsiHMYhKpn52p/6oMYHTZ2A==

pause-stream@0.0.11:
  version "0.0.11"
  resolved "https://registry.yarnpkg.com/pause-stream/-/pause-stream-0.0.11.tgz#fe5a34b0cbce12b5aa6a2b403ee2e73b602f1445"
  integrity sha1-/lo0sMvOErWqaitAPuLnO2AvFEU=
  dependencies:
    through "~2.3"

port-pid@^0.0.7:
  version "0.0.7"
  resolved "https://registry.yarnpkg.com/port-pid/-/port-pid-0.0.7.tgz#382cb46632e2efbda230765882aaa0029edf8144"
  integrity sha512-2QkdCeuGLfu1jDxiiwOnafCgVFsMQXMEWvUVx9SMNq+4k6HDKiyA9YVRhmoMvJGg5ZhqEjblpj+1wdWMqn7scw==
  dependencies:
    netstats "0.0.6"
    selective-whitespace "^1.0.0"

ps-tree@^1.2.0:
  version "1.2.0"
  resolved "https://registry.yarnpkg.com/ps-tree/-/ps-tree-1.2.0.tgz#5e7425b89508736cdd4f2224d028f7bb3f722ebd"
  integrity sha512-0VnamPPYHl4uaU/nSFeZZpR21QAWRz+sRv4iW9+v/GS/J5U5iZB5BNN6J0RMoOvdx2gWM2+ZFMIm58q24e4UYA==
  dependencies:
    event-stream "=3.3.4"

selective-whitespace@^1.0.0:
  version "1.0.4"
  resolved "https://registry.yarnpkg.com/selective-whitespace/-/selective-whitespace-1.0.4.tgz#02d428b46b2c770398be9a538eb442b1e842fc5c"
  integrity sha1-AtQotGssdwOYvppTjrRCsehC/Fw=
  dependencies:
    tokenize-whitespace "0.0.1"

split@0.3:
  version "0.3.3"
  resolved "https://registry.yarnpkg.com/split/-/split-0.3.3.tgz#cd0eea5e63a211dfff7eb0f091c4133e2d0dd28f"
  integrity sha1-zQ7qXmOiEd//frDwkcQTPi0N0o8=
  dependencies:
    through "2"

stream-combiner@~0.0.4:
  version "0.0.4"
  resolved "https://registry.yarnpkg.com/stream-combiner/-/stream-combiner-0.0.4.tgz#4d5e433c185261dde623ca3f44c586bcf5c4ad14"
  integrity sha1-TV5DPBhSYd3mI8o/RMWGvPXErRQ=
  dependencies:
    duplexer "~0.1.1"

terminate@^2.2.2:
  version "2.2.2"
  resolved "https://registry.yarnpkg.com/terminate/-/terminate-2.2.2.tgz#5d85f719f5007205b9a1ba70f239e5ef993e121d"
  integrity sha512-MCkNju5C4s89btDQxW04sdHf19FxrZXFRGGrK+7GCSTY/h3EecEdoFmZwigw5u9L+WZiFOlRSkXG20AfHmYMkQ==
  dependencies:
    ps-tree "^1.2.0"

through@2, through@~2.3, through@~2.3.1:
  version "2.3.8"
  resolved "https://registry.yarnpkg.com/through/-/through-2.3.8.tgz#0dd4c9ffaabc357960b1b724115d7e0e86a2e1f5"
  integrity sha1-DdTJ/6q8NXlgsbckEV1+Doai4fU=

tokenize-whitespace@0.0.1:
  version "0.0.1"
  resolved "https://registry.yarnpkg.com/tokenize-whitespace/-/tokenize-whitespace-0.0.1.tgz#3c207ab58948113225246285200563e3b4b5c6ff"
  integrity sha1-PCB6tYlIETIlJGKFIAVj47S1xv8=
